// !$*UTF8*$!
{
	archiveVersion = 1;
	classes = {
	};
	objectVersion = 56;
	objects = {

/* Begin PBXBuildFile section */
		FE2FB7FF2A59BCC9009A6094 /* UberLocation.swift in Sources */ = {isa = PBXBuildFile; fileRef = FE2FB7FE2A59BCC9009A6094 /* UberLocation.swift */; };
		FE2FB8012A59E199009A6094 /* Color.swift in Sources */ = {isa = PBXBuildFile; fileRef = FE2FB8002A59E199009A6094 /* Color.swift */; };
		FEA65EE82A55F74A00CF9B75 /* MapViewState.swift in Sources */ = {isa = PBXBuildFile; fileRef = FEA65EE72A55F74A00CF9B75 /* MapViewState.swift */; };
		FEA65EED2A57402E00CF9B75 /* RideRequestView.swift in Sources */ = {isa = PBXBuildFile; fileRef = FEA65EEC2A57402E00CF9B75 /* RideRequestView.swift */; };
		FEA65EF02A597D0A00CF9B75 /* RideType.swift in Sources */ = {isa = PBXBuildFile; fileRef = FEA65EEF2A597D0A00CF9B75 /* RideType.swift */; };
		FEA65EF22A5988CE00CF9B75 /* Double.swift in Sources */ = {isa = PBXBuildFile; fileRef = FEA65EF12A5988CD00CF9B75 /* Double.swift */; };
		FEFF41802A4D8EC600E4A1D7 /* UberSwiftUIApp.swift in Sources */ = {isa = PBXBuildFile; fileRef = FEFF417F2A4D8EC600E4A1D7 /* UberSwiftUIApp.swift */; };
		FEFF41842A4D8EC800E4A1D7 /* Assets.xcassets in Resources */ = {isa = PBXBuildFile; fileRef = FEFF41832A4D8EC800E4A1D7 /* Assets.xcassets */; };
		FEFF41872A4D8EC800E4A1D7 /* Preview Assets.xcassets in Resources */ = {isa = PBXBuildFile; fileRef = FEFF41862A4D8EC800E4A1D7 /* Preview Assets.xcassets */; };
		FEFF41982A4D8F5500E4A1D7 /* HomeView.swift in Sources */ = {isa = PBXBuildFile; fileRef = FEFF41972A4D8F5500E4A1D7 /* HomeView.swift */; };
		FEFF419A2A4D8FBB00E4A1D7 /* UberMapViewRepresentable.swift in Sources */ = {isa = PBXBuildFile; fileRef = FEFF41992A4D8FBB00E4A1D7 /* UberMapViewRepresentable.swift */; };
		FEFF419C2A4D91DF00E4A1D7 /* LocationManager.swift in Sources */ = {isa = PBXBuildFile; fileRef = FEFF419B2A4D91DF00E4A1D7 /* LocationManager.swift */; };
		FEFF41A22A4DA44000E4A1D7 /* LocatiionSearchActivationView.swift in Sources */ = {isa = PBXBuildFile; fileRef = FEFF41A12A4DA44000E4A1D7 /* LocatiionSearchActivationView.swift */; };
		FEFF41A42A4DA57300E4A1D7 /* MapViewActionButton.swift in Sources */ = {isa = PBXBuildFile; fileRef = FEFF41A32A4DA57300E4A1D7 /* MapViewActionButton.swift */; };
		FEFF41A62A4DA65300E4A1D7 /* LocationSearchView.swift in Sources */ = {isa = PBXBuildFile; fileRef = FEFF41A52A4DA65300E4A1D7 /* LocationSearchView.swift */; };
		FEFF41A82A4DA82C00E4A1D7 /* LocationSearchResultsCell.swift in Sources */ = {isa = PBXBuildFile; fileRef = FEFF41A72A4DA82C00E4A1D7 /* LocationSearchResultsCell.swift */; };
		FEFF41AA2A4DFAE400E4A1D7 /* LocationSearchViewModel.swift in Sources */ = {isa = PBXBuildFile; fileRef = FEFF41A92A4DFAE400E4A1D7 /* LocationSearchViewModel.swift */; };
/* End PBXBuildFile section */

/* Begin PBXFileReference section */
		FE2FB7FE2A59BCC9009A6094 /* UberLocation.swift */ = {isa = PBXFileReference; lastKnownFileType = sourcecode.swift; path = UberLocation.swift; sourceTree = "<group>"; };
		FE2FB8002A59E199009A6094 /* Color.swift */ = {isa = PBXFileReference; lastKnownFileType = sourcecode.swift; path = Color.swift; sourceTree = "<group>"; };
		FEA65EE72A55F74A00CF9B75 /* MapViewState.swift */ = {isa = PBXFileReference; lastKnownFileType = sourcecode.swift; path = MapViewState.swift; sourceTree = "<group>"; };
		FEA65EEC2A57402E00CF9B75 /* RideRequestView.swift */ = {isa = PBXFileReference; lastKnownFileType = sourcecode.swift; path = RideRequestView.swift; sourceTree = "<group>"; };
		FEA65EEF2A597D0A00CF9B75 /* RideType.swift */ = {isa = PBXFileReference; lastKnownFileType = sourcecode.swift; path = RideType.swift; sourceTree = "<group>"; };
		FEA65EF12A5988CD00CF9B75 /* Double.swift */ = {isa = PBXFileReference; lastKnownFileType = sourcecode.swift; path = Double.swift; sourceTree = "<group>"; };
		FEFF417C2A4D8EC600E4A1D7 /* UberSwiftUI.app */ = {isa = PBXFileReference; explicitFileType = wrapper.application; includeInIndex = 0; path = UberSwiftUI.app; sourceTree = BUILT_PRODUCTS_DIR; };
		FEFF417F2A4D8EC600E4A1D7 /* UberSwiftUIApp.swift */ = {isa = PBXFileReference; lastKnownFileType = sourcecode.swift; path = UberSwiftUIApp.swift; sourceTree = "<group>"; };
		FEFF41832A4D8EC800E4A1D7 /* Assets.xcassets */ = {isa = PBXFileReference; lastKnownFileType = folder.assetcatalog; path = Assets.xcassets; sourceTree = "<group>"; };
		FEFF41862A4D8EC800E4A1D7 /* Preview Assets.xcassets */ = {isa = PBXFileReference; lastKnownFileType = folder.assetcatalog; path = "Preview Assets.xcassets"; sourceTree = "<group>"; };
		FEFF41972A4D8F5500E4A1D7 /* HomeView.swift */ = {isa = PBXFileReference; lastKnownFileType = sourcecode.swift; path = HomeView.swift; sourceTree = "<group>"; };
		FEFF41992A4D8FBB00E4A1D7 /* UberMapViewRepresentable.swift */ = {isa = PBXFileReference; lastKnownFileType = sourcecode.swift; path = UberMapViewRepresentable.swift; sourceTree = "<group>"; };
		FEFF419B2A4D91DF00E4A1D7 /* LocationManager.swift */ = {isa = PBXFileReference; lastKnownFileType = sourcecode.swift; path = LocationManager.swift; sourceTree = "<group>"; };
		FEFF41A12A4DA44000E4A1D7 /* LocatiionSearchActivationView.swift */ = {isa = PBXFileReference; lastKnownFileType = sourcecode.swift; path = LocatiionSearchActivationView.swift; sourceTree = "<group>"; };
		FEFF41A32A4DA57300E4A1D7 /* MapViewActionButton.swift */ = {isa = PBXFileReference; lastKnownFileType = sourcecode.swift; path = MapViewActionButton.swift; sourceTree = "<group>"; };
		FEFF41A52A4DA65300E4A1D7 /* LocationSearchView.swift */ = {isa = PBXFileReference; lastKnownFileType = sourcecode.swift; path = LocationSearchView.swift; sourceTree = "<group>"; };
		FEFF41A72A4DA82C00E4A1D7 /* LocationSearchResultsCell.swift */ = {isa = PBXFileReference; lastKnownFileType = sourcecode.swift; path = LocationSearchResultsCell.swift; sourceTree = "<group>"; };
		FEFF41A92A4DFAE400E4A1D7 /* LocationSearchViewModel.swift */ = {isa = PBXFileReference; lastKnownFileType = sourcecode.swift; path = LocationSearchViewModel.swift; sourceTree = "<group>"; };
/* End PBXFileReference section */

/* Begin PBXFrameworksBuildPhase section */
		FEFF41792A4D8EC600E4A1D7 /* Frameworks */ = {
			isa = PBXFrameworksBuildPhase;
			buildActionMask = 2147483647;
			files = (
			);
			runOnlyForDeploymentPostprocessing = 0;
		};
/* End PBXFrameworksBuildPhase section */

/* Begin PBXGroup section */
		FEA65EEB2A57401C00CF9B75 /* Trips */ = {
			isa = PBXGroup;
			children = (
				FEA65EEC2A57402E00CF9B75 /* RideRequestView.swift */,
			);
			path = Trips;
			sourceTree = "<group>";
		};
		FEFF41732A4D8EC600E4A1D7 = {
			isa = PBXGroup;
			children = (
				FEFF417E2A4D8EC600E4A1D7 /* UberSwiftUI */,
				FEFF417D2A4D8EC600E4A1D7 /* Products */,
			);
			sourceTree = "<group>";
		};
		FEFF417D2A4D8EC600E4A1D7 /* Products */ = {
			isa = PBXGroup;
			children = (
				FEFF417C2A4D8EC600E4A1D7 /* UberSwiftUI.app */,
			);
			name = Products;
			sourceTree = "<group>";
		};
		FEFF417E2A4D8EC600E4A1D7 /* UberSwiftUI */ = {
			isa = PBXGroup;
			children = (
				FEFF41942A4D8F0300E4A1D7 /* App */,
				FEFF41932A4D8F0200E4A1D7 /* Core */,
				FEFF41922A4D8EFF00E4A1D7 /* Extensions */,
				FEFF41912A4D8EFD00E4A1D7 /* Managers */,
				FEFF418E2A4D8EED00E4A1D7 /* Models */,
				FEFF41832A4D8EC800E4A1D7 /* Assets.xcassets */,
				FEFF41852A4D8EC800E4A1D7 /* Preview Content */,
			);
			path = UberSwiftUI;
			sourceTree = "<group>";
		};
		FEFF41852A4D8EC800E4A1D7 /* Preview Content */ = {
			isa = PBXGroup;
			children = (
				FEFF41862A4D8EC800E4A1D7 /* Preview Assets.xcassets */,
			);
			path = "Preview Content";
			sourceTree = "<group>";
		};
		FEFF418E2A4D8EED00E4A1D7 /* Models */ = {
			isa = PBXGroup;
			children = (
				FEA65EE72A55F74A00CF9B75 /* MapViewState.swift */,
				FEA65EEF2A597D0A00CF9B75 /* RideType.swift */,
				FE2FB7FE2A59BCC9009A6094 /* UberLocation.swift */,
			);
			path = Models;
			sourceTree = "<group>";
		};
		FEFF41912A4D8EFD00E4A1D7 /* Managers */ = {
			isa = PBXGroup;
			children = (
				FEFF419B2A4D91DF00E4A1D7 /* LocationManager.swift */,
			);
			path = Managers;
			sourceTree = "<group>";
		};
		FEFF41922A4D8EFF00E4A1D7 /* Extensions */ = {
			isa = PBXGroup;
			children = (
				FEA65EF12A5988CD00CF9B75 /* Double.swift */,
				FE2FB8002A59E199009A6094 /* Color.swift */,
			);
			path = Extensions;
			sourceTree = "<group>";
		};
		FEFF41932A4D8F0200E4A1D7 /* Core */ = {
			isa = PBXGroup;
			children = (
				FEA65EEB2A57401C00CF9B75 /* Trips */,
				FEFF419E2A4DA40A00E4A1D7 /* LocationSearch */,
				FEFF419D2A4DA3FC00E4A1D7 /* Home */,
			);
			path = Core;
			sourceTree = "<group>";
		};
		FEFF41942A4D8F0300E4A1D7 /* App */ = {
			isa = PBXGroup;
			children = (
				FEFF417F2A4D8EC600E4A1D7 /* UberSwiftUIApp.swift */,
			);
			path = App;
			sourceTree = "<group>";
		};
		FEFF41952A4D8F3600E4A1D7 /* ViewModel */ = {
			isa = PBXGroup;
			children = (
			);
			path = ViewModel;
			sourceTree = "<group>";
		};
		FEFF41962A4D8F3F00E4A1D7 /* Views */ = {
			isa = PBXGroup;
			children = (
				FEFF41972A4D8F5500E4A1D7 /* HomeView.swift */,
				FEFF41992A4D8FBB00E4A1D7 /* UberMapViewRepresentable.swift */,
				FEFF41A32A4DA57300E4A1D7 /* MapViewActionButton.swift */,
			);
			path = Views;
			sourceTree = "<group>";
		};
		FEFF419D2A4DA3FC00E4A1D7 /* Home */ = {
			isa = PBXGroup;
			children = (
				FEFF41962A4D8F3F00E4A1D7 /* Views */,
				FEFF41952A4D8F3600E4A1D7 /* ViewModel */,
			);
			path = Home;
			sourceTree = "<group>";
		};
		FEFF419E2A4DA40A00E4A1D7 /* LocationSearch */ = {
			isa = PBXGroup;
			children = (
				FEFF41A02A4DA42000E4A1D7 /* ViewModel */,
				FEFF419F2A4DA41C00E4A1D7 /* Views */,
			);
			path = LocationSearch;
			sourceTree = "<group>";
		};
		FEFF419F2A4DA41C00E4A1D7 /* Views */ = {
			isa = PBXGroup;
			children = (
				FEFF41A12A4DA44000E4A1D7 /* LocatiionSearchActivationView.swift */,
				FEFF41A52A4DA65300E4A1D7 /* LocationSearchView.swift */,
				FEFF41A72A4DA82C00E4A1D7 /* LocationSearchResultsCell.swift */,
			);
			path = Views;
			sourceTree = "<group>";
		};
		FEFF41A02A4DA42000E4A1D7 /* ViewModel */ = {
			isa = PBXGroup;
			children = (
				FEFF41A92A4DFAE400E4A1D7 /* LocationSearchViewModel.swift */,
			);
			path = ViewModel;
			sourceTree = "<group>";
		};
/* End PBXGroup section */

/* Begin PBXNativeTarget section */
		FEFF417B2A4D8EC600E4A1D7 /* UberSwiftUI */ = {
			isa = PBXNativeTarget;
			buildConfigurationList = FEFF418A2A4D8EC800E4A1D7 /* Build configuration list for PBXNativeTarget "UberSwiftUI" */;
			buildPhases = (
				FEFF41782A4D8EC600E4A1D7 /* Sources */,
				FEFF41792A4D8EC600E4A1D7 /* Frameworks */,
				FEFF417A2A4D8EC600E4A1D7 /* Resources */,
			);
			buildRules = (
			);
			dependencies = (
			);
			name = UberSwiftUI;
			productName = UberSwiftUI;
			productReference = FEFF417C2A4D8EC600E4A1D7 /* UberSwiftUI.app */;
			productType = "com.apple.product-type.application";
		};
/* End PBXNativeTarget section */

/* Begin PBXProject section */
		FEFF41742A4D8EC600E4A1D7 /* Project object */ = {
			isa = PBXProject;
			attributes = {
				BuildIndependentTargetsInParallel = 1;
				LastSwiftUpdateCheck = 1430;
				LastUpgradeCheck = 1430;
				TargetAttributes = {
					FEFF417B2A4D8EC600E4A1D7 = {
						CreatedOnToolsVersion = 14.3;
					};
				};
			};
			buildConfigurationList = FEFF41772A4D8EC600E4A1D7 /* Build configuration list for PBXProject "UberSwiftUI" */;
			compatibilityVersion = "Xcode 14.0";
			developmentRegion = en;
			hasScannedForEncodings = 0;
			knownRegions = (
				en,
				Base,
			);
			mainGroup = FEFF41732A4D8EC600E4A1D7;
			productRefGroup = FEFF417D2A4D8EC600E4A1D7 /* Products */;
			projectDirPath = "";
			projectRoot = "";
			targets = (
				FEFF417B2A4D8EC600E4A1D7 /* UberSwiftUI */,
			);
		};
/* End PBXProject section */

/* Begin PBXResourcesBuildPhase section */
		FEFF417A2A4D8EC600E4A1D7 /* Resources */ = {
			isa = PBXResourcesBuildPhase;
			buildActionMask = 2147483647;
			files = (
				FEFF41872A4D8EC800E4A1D7 /* Preview Assets.xcassets in Resources */,
				FEFF41842A4D8EC800E4A1D7 /* Assets.xcassets in Resources */,
			);
			runOnlyForDeploymentPostprocessing = 0;
		};
/* End PBXResourcesBuildPhase section */

/* Begin PBXSourcesBuildPhase section */
		FEFF41782A4D8EC600E4A1D7 /* Sources */ = {
			isa = PBXSourcesBuildPhase;
			buildActionMask = 2147483647;
			files = (
				FEFF41AA2A4DFAE400E4A1D7 /* LocationSearchViewModel.swift in Sources */,
				FEFF41A62A4DA65300E4A1D7 /* LocationSearchView.swift in Sources */,
				FEFF419C2A4D91DF00E4A1D7 /* LocationManager.swift in Sources */,
				FEA65EED2A57402E00CF9B75 /* RideRequestView.swift in Sources */,
				FEA65EF22A5988CE00CF9B75 /* Double.swift in Sources */,
				FEA65EE82A55F74A00CF9B75 /* MapViewState.swift in Sources */,
				FEFF41A42A4DA57300E4A1D7 /* MapViewActionButton.swift in Sources */,
				FEFF41A82A4DA82C00E4A1D7 /* LocationSearchResultsCell.swift in Sources */,
				FE2FB8012A59E199009A6094 /* Color.swift in Sources */,
				FEFF41802A4D8EC600E4A1D7 /* UberSwiftUIApp.swift in Sources */,
				FEFF419A2A4D8FBB00E4A1D7 /* UberMapViewRepresentable.swift in Sources */,
				FE2FB7FF2A59BCC9009A6094 /* UberLocation.swift in Sources */,
				FEFF41A22A4DA44000E4A1D7 /* LocatiionSearchActivationView.swift in Sources */,
				FEFF41982A4D8F5500E4A1D7 /* HomeView.swift in Sources */,
				FEA65EF02A597D0A00CF9B75 /* RideType.swift in Sources */,
			);
			runOnlyForDeploymentPostprocessing = 0;
		};
/* End PBXSourcesBuildPhase section */

/* Begin XCBuildConfiguration section */
		FEFF41882A4D8EC800E4A1D7 /* Debug */ = {
			isa = XCBuildConfiguration;
			buildSettings = {
				ALWAYS_SEARCH_USER_PATHS = NO;
				CLANG_ANALYZER_NONNULL = YES;
				CLANG_ANALYZER_NUMBER_OBJECT_CONVERSION = YES_AGGRESSIVE;
				CLANG_CXX_LANGUAGE_STANDARD = "gnu++20";
				CLANG_ENABLE_MODULES = YES;
				CLANG_ENABLE_OBJC_ARC = YES;
				CLANG_ENABLE_OBJC_WEAK = YES;
				CLANG_WARN_BLOCK_CAPTURE_AUTORELEASING = YES;
				CLANG_WARN_BOOL_CONVERSION = YES;
				CLANG_WARN_COMMA = YES;
				CLANG_WARN_CONSTANT_CONVERSION = YES;
				CLANG_WARN_DEPRECATED_OBJC_IMPLEMENTATIONS = YES;
				CLANG_WARN_DIRECT_OBJC_ISA_USAGE = YES_ERROR;
				CLANG_WARN_DOCUMENTATION_COMMENTS = YES;
				CLANG_WARN_EMPTY_BODY = YES;
				CLANG_WARN_ENUM_CONVERSION = YES;
				CLANG_WARN_INFINITE_RECURSION = YES;
				CLANG_WARN_INT_CONVERSION = YES;
				CLANG_WARN_NON_LITERAL_NULL_CONVERSION = YES;
				CLANG_WARN_OBJC_IMPLICIT_RETAIN_SELF = YES;
				CLANG_WARN_OBJC_LITERAL_CONVERSION = YES;
				CLANG_WARN_OBJC_ROOT_CLASS = YES_ERROR;
				CLANG_WARN_QUOTED_INCLUDE_IN_FRAMEWORK_HEADER = YES;
				CLANG_WARN_RANGE_LOOP_ANALYSIS = YES;
				CLANG_WARN_STRICT_PROTOTYPES = YES;
				CLANG_WARN_SUSPICIOUS_MOVE = YES;
				CLANG_WARN_UNGUARDED_AVAILABILITY = YES_AGGRESSIVE;
				CLANG_WARN_UNREACHABLE_CODE = YES;
				CLANG_WARN__DUPLICATE_METHOD_MATCH = YES;
				COPY_PHASE_STRIP = NO;
				DEBUG_INFORMATION_FORMAT = dwarf;
				ENABLE_STRICT_OBJC_MSGSEND = YES;
				ENABLE_TESTABILITY = YES;
				GCC_C_LANGUAGE_STANDARD = gnu11;
				GCC_DYNAMIC_NO_PIC = NO;
				GCC_NO_COMMON_BLOCKS = YES;
				GCC_OPTIMIZATION_LEVEL = 0;
				GCC_PREPROCESSOR_DEFINITIONS = (
					"DEBUG=1",
					"$(inherited)",
				);
				GCC_WARN_64_TO_32_BIT_CONVERSION = YES;
				GCC_WARN_ABOUT_RETURN_TYPE = YES_ERROR;
				GCC_WARN_UNDECLARED_SELECTOR = YES;
				GCC_WARN_UNINITIALIZED_AUTOS = YES_AGGRESSIVE;
				GCC_WARN_UNUSED_FUNCTION = YES;
				GCC_WARN_UNUSED_VARIABLE = YES;
				IPHONEOS_DEPLOYMENT_TARGET = 16.4;
				MTL_ENABLE_DEBUG_INFO = INCLUDE_SOURCE;
				MTL_FAST_MATH = YES;
				ONLY_ACTIVE_ARCH = YES;
				SDKROOT = iphoneos;
				SWIFT_ACTIVE_COMPILATION_CONDITIONS = DEBUG;
				SWIFT_OPTIMIZATION_LEVEL = "-Onone";
			};
			name = Debug;
		};
		FEFF41892A4D8EC800E4A1D7 /* Release */ = {
			isa = XCBuildConfiguration;
			buildSettings = {
				ALWAYS_SEARCH_USER_PATHS = NO;
				CLANG_ANALYZER_NONNULL = YES;
				CLANG_ANALYZER_NUMBER_OBJECT_CONVERSION = YES_AGGRESSIVE;
				CLANG_CXX_LANGUAGE_STANDARD = "gnu++20";
				CLANG_ENABLE_MODULES = YES;
				CLANG_ENABLE_OBJC_ARC = YES;
				CLANG_ENABLE_OBJC_WEAK = YES;
				CLANG_WARN_BLOCK_CAPTURE_AUTORELEASING = YES;
				CLANG_WARN_BOOL_CONVERSION = YES;
				CLANG_WARN_COMMA = YES;
				CLANG_WARN_CONSTANT_CONVERSION = YES;
				CLANG_WARN_DEPRECATED_OBJC_IMPLEMENTATIONS = YES;
				CLANG_WARN_DIRECT_OBJC_ISA_USAGE = YES_ERROR;
				CLANG_WARN_DOCUMENTATION_COMMENTS = YES;
				CLANG_WARN_EMPTY_BODY = YES;
				CLANG_WARN_ENUM_CONVERSION = YES;
				CLANG_WARN_INFINITE_RECURSION = YES;
				CLANG_WARN_INT_CONVERSION = YES;
				CLANG_WARN_NON_LITERAL_NULL_CONVERSION = YES;
				CLANG_WARN_OBJC_IMPLICIT_RETAIN_SELF = YES;
				CLANG_WARN_OBJC_LITERAL_CONVERSION = YES;
				CLANG_WARN_OBJC_ROOT_CLASS = YES_ERROR;
				CLANG_WARN_QUOTED_INCLUDE_IN_FRAMEWORK_HEADER = YES;
				CLANG_WARN_RANGE_LOOP_ANALYSIS = YES;
				CLANG_WARN_STRICT_PROTOTYPES = YES;
				CLANG_WARN_SUSPICIOUS_MOVE = YES;
				CLANG_WARN_UNGUARDED_AVAILABILITY = YES_AGGRESSIVE;
				CLANG_WARN_UNREACHABLE_CODE = YES;
				CLANG_WARN__DUPLICATE_METHOD_MATCH = YES;
				COPY_PHASE_STRIP = NO;
				DEBUG_INFORMATION_FORMAT = "dwarf-with-dsym";
				ENABLE_NS_ASSERTIONS = NO;
				ENABLE_STRICT_OBJC_MSGSEND = YES;
				GCC_C_LANGUAGE_STANDARD = gnu11;
				GCC_NO_COMMON_BLOCKS = YES;
				GCC_WARN_64_TO_32_BIT_CONVERSION = YES;
				GCC_WARN_ABOUT_RETURN_TYPE = YES_ERROR;
				GCC_WARN_UNDECLARED_SELECTOR = YES;
				GCC_WARN_UNINITIALIZED_AUTOS = YES_AGGRESSIVE;
				GCC_WARN_UNUSED_FUNCTION = YES;
				GCC_WARN_UNUSED_VARIABLE = YES;
				IPHONEOS_DEPLOYMENT_TARGET = 16.4;
				MTL_ENABLE_DEBUG_INFO = NO;
				MTL_FAST_MATH = YES;
				SDKROOT = iphoneos;
				SWIFT_COMPILATION_MODE = wholemodule;
				SWIFT_OPTIMIZATION_LEVEL = "-O";
				VALIDATE_PRODUCT = YES;
			};
			name = Release;
		};
		FEFF418B2A4D8EC800E4A1D7 /* Debug */ = {
			isa = XCBuildConfiguration;
			buildSettings = {
				ASSETCATALOG_COMPILER_APPICON_NAME = AppIcon;
				ASSETCATALOG_COMPILER_GLOBAL_ACCENT_COLOR_NAME = AccentColor;
				CODE_SIGN_STYLE = Automatic;
				CURRENT_PROJECT_VERSION = 1;
				DEVELOPMENT_ASSET_PATHS = "\"UberSwiftUI/Preview Content\"";
				DEVELOPMENT_TEAM = U59ACTGLF9;
				ENABLE_PREVIEWS = YES;
				GENERATE_INFOPLIST_FILE = YES;
				INFOPLIST_KEY_NSLocationWhenInUseUsageDescription = "Please allow us to access your location to find you a nearby driver.";
				INFOPLIST_KEY_UIApplicationSceneManifest_Generation = YES;
				INFOPLIST_KEY_UIApplicationSupportsIndirectInputEvents = YES;
				INFOPLIST_KEY_UILaunchScreen_Generation = YES;
				INFOPLIST_KEY_UISupportedInterfaceOrientations_iPad = "UIInterfaceOrientationPortrait UIInterfaceOrientationPortraitUpsideDown UIInterfaceOrientationLandscapeLeft UIInterfaceOrientationLandscapeRight";
				INFOPLIST_KEY_UISupportedInterfaceOrientations_iPhone = "UIInterfaceOrientationPortrait UIInterfaceOrientationLandscapeLeft UIInterfaceOrientationLandscapeRight";
				LD_RUNPATH_SEARCH_PATHS = (
					"$(inherited)",
					"@executable_path/Frameworks",
				);
				MARKETING_VERSION = 1.0;
				PRODUCT_BUNDLE_IDENTIFIER = com.chetanchoudhary.UberSwiftUI;
				PRODUCT_NAME = "$(TARGET_NAME)";
				SWIFT_EMIT_LOC_STRINGS = YES;
				SWIFT_VERSION = 5.0;
				TARGETED_DEVICE_FAMILY = "1,2";
			};
			name = Debug;
		};
		FEFF418C2A4D8EC800E4A1D7 /* Release */ = {
			isa = XCBuildConfiguration;
			buildSettings = {
				ASSETCATALOG_COMPILER_APPICON_NAME = AppIcon;
				ASSETCATALOG_COMPILER_GLOBAL_ACCENT_COLOR_NAME = AccentColor;
				CODE_SIGN_STYLE = Automatic;
				CURRENT_PROJECT_VERSION = 1;
				DEVELOPMENT_ASSET_PATHS = "\"UberSwiftUI/Preview Content\"";
				DEVELOPMENT_TEAM = U59ACTGLF9;
				ENABLE_PREVIEWS = YES;
				GENERATE_INFOPLIST_FILE = YES;
				INFOPLIST_KEY_NSLocationWhenInUseUsageDescription = "Please allow us to access your location to find you a nearby driver.";
				INFOPLIST_KEY_UIApplicationSceneManifest_Generation = YES;
				INFOPLIST_KEY_UIApplicationSupportsIndirectInputEvents = YES;
				INFOPLIST_KEY_UILaunchScreen_Generation = YES;
				INFOPLIST_KEY_UISupportedInterfaceOrientations_iPad = "UIInterfaceOrientationPortrait UIInterfaceOrientationPortraitUpsideDown UIInterfaceOrientationLandscapeLeft UIInterfaceOrientationLandscapeRight";
				INFOPLIST_KEY_UISupportedInterfaceOrientations_iPhone = "UIInterfaceOrientationPortrait UIInterfaceOrientationLandscapeLeft UIInterfaceOrientationLandscapeRight";
				LD_RUNPATH_SEARCH_PATHS = (
					"$(inherited)",
					"@executable_path/Frameworks",
				);
				MARKETING_VERSION = 1.0;
				PRODUCT_BUNDLE_IDENTIFIER = com.chetanchoudhary.UberSwiftUI;
				PRODUCT_NAME = "$(TARGET_NAME)";
				SWIFT_EMIT_LOC_STRINGS = YES;
				SWIFT_VERSION = 5.0;
				TARGETED_DEVICE_FAMILY = "1,2";
			};
			name = Release;
		};
/* End XCBuildConfiguration section */

/* Begin XCConfigurationList section */
		FEFF41772A4D8EC600E4A1D7 /* Build configuration list for PBXProject "UberSwiftUI" */ = {
			isa = XCConfigurationList;
			buildConfigurations = (
				FEFF41882A4D8EC800E4A1D7 /* Debug */,
				FEFF41892A4D8EC800E4A1D7 /* Release */,
			);
			defaultConfigurationIsVisible = 0;
			defaultConfigurationName = Release;
		};
		FEFF418A2A4D8EC800E4A1D7 /* Build configuration list for PBXNativeTarget "UberSwiftUI" */ = {
			isa = XCConfigurationList;
			buildConfigurations = (
				FEFF418B2A4D8EC800E4A1D7 /* Debug */,
				FEFF418C2A4D8EC800E4A1D7 /* Release */,
			);
			defaultConfigurationIsVisible = 0;
			defaultConfigurationName = Release;
		};
/* End XCConfigurationList section */
	};
	rootObject = FEFF41742A4D8EC600E4A1D7 /* Project object */;
}
